
Microsoft Visual Studio Solution File, Format Version 10.00
# Visual Studio 2008
Project("{FAE04EC0-301F-11D3-BF4B-00C04F79EFBC}") = "ZoosManagementSystem.Web", "ZoosManagementSystem.Web\ZoosManagementSystem.Web.csproj", "{3110518D-8EA7-43BA-A251-BE9E31585170}"
EndProject
Project("{FAE04EC0-301F-11D3-BF4B-00C04F79EFBC}") = "ZoosManagementSystem.Core", "ZoosManagementSystem.Core\ZoosManagementSystem.Core.csproj", "{68FB0F76-58CB-4055-8612-1EE7182A9680}"
EndProject
Project("{FAE04EC0-301F-11D3-BF4B-00C04F79EFBC}") = "ZoosManagementSystem.Interfaces", "ZoosManagementSystem.Interfaces\ZoosManagementSystem.Interfaces.csproj", "{F210B7F5-BDFB-43D3-A4D0-D2EB604E16AE}"
EndProject
Project("{FAE04EC0-301F-11D3-BF4B-00C04F79EFBC}") = "ZoosManagmentSystem.Mock", "ZoosManagmentSystem.Mock\ZoosManagmentSystem.Mock.csproj", "{0790CB5C-D089-42F7-A582-DCDC55DB0D26}"
EndProject
Global
	GlobalSection(SolutionConfigurationPlatforms) = preSolution
		Debug|Any CPU = Debug|Any CPU
		Release|Any CPU = Release|Any CPU
	EndGlobalSection
	GlobalSection(ProjectConfigurationPlatforms) = postSolution
		{3110518D-8EA7-43BA-A251-BE9E31585170}.Debug|Any CPU.ActiveCfg = Debug|Any CPU
		{3110518D-8EA7-43BA-A251-BE9E31585170}.Debug|Any CPU.Build.0 = Debug|Any CPU
		{3110518D-8EA7-43BA-A251-BE9E31585170}.Release|Any CPU.ActiveCfg = Release|Any CPU
		{3110518D-8EA7-43BA-A251-BE9E31585170}.Release|Any CPU.Build.0 = Release|Any CPU
		{68FB0F76-58CB-4055-8612-1EE7182A9680}.Debug|Any CPU.ActiveCfg = Debug|Any CPU
		{68FB0F76-58CB-4055-8612-1EE7182A9680}.Debug|Any CPU.Build.0 = Debug|Any CPU
		{68FB0F76-58CB-4055-8612-1EE7182A9680}.Release|Any CPU.ActiveCfg = Release|Any CPU
		{68FB0F76-58CB-4055-8612-1EE7182A9680}.Release|Any CPU.Build.0 = Release|Any CPU
		{F210B7F5-BDFB-43D3-A4D0-D2EB604E16AE}.Debug|Any CPU.ActiveCfg = Debug|Any CPU
		{F210B7F5-BDFB-43D3-A4D0-D2EB604E16AE}.Debug|Any CPU.Build.0 = Debug|Any CPU
		{F210B7F5-BDFB-43D3-A4D0-D2EB604E16AE}.Release|Any CPU.ActiveCfg = Release|Any CPU
		{F210B7F5-BDFB-43D3-A4D0-D2EB604E16AE}.Release|Any CPU.Build.0 = Release|Any CPU
		{0790CB5C-D089-42F7-A582-DCDC55DB0D26}.Debug|Any CPU.ActiveCfg = Debug|Any CPU
		{0790CB5C-D089-42F7-A582-DCDC55DB0D26}.Debug|Any CPU.Build.0 = Debug|Any CPU
		{0790CB5C-D089-42F7-A582-DCDC55DB0D26}.Release|Any CPU.ActiveCfg = Release|Any CPU
		{0790CB5C-D089-42F7-A582-DCDC55DB0D26}.Release|Any CPU.Build.0 = Release|Any CPU
	EndGlobalSection
	GlobalSection(SolutionProperties) = preSolution
		HideSolutionNode = FALSE
	EndGlobalSection
EndGlobal
