
Microsoft Visual Studio Solution File, Format Version 10.00
# Visual Studio 2008
Project("{FAE04EC0-301F-11D3-BF4B-00C04F79EFBC}") = "Provider", "StorageProvider\Provider.csproj", "{88B4DF43-156B-4AB2-80DA-4784FF00521B}"
EndProject
Project("{FAE04EC0-301F-11D3-BF4B-00C04F79EFBC}") = "Helper", "StorageProvider\Helper\Helper.csproj", "{40A91235-83D9-4E8A-9BB7-169D015830F3}"
EndProject
Project("{2150E333-8FDC-42A3-9474-1A3956D46DE8}") = "Switch", "Switch", "{DC5834D1-7BE1-4154-91BE-87E23AA54A75}"
EndProject
Project("{2150E333-8FDC-42A3-9474-1A3956D46DE8}") = "Foundation", "Foundation", "{76B4A5BB-BAC6-4F96-BD38-7A05D283D29D}"
EndProject
Project("{2150E333-8FDC-42A3-9474-1A3956D46DE8}") = "Sensor", "Sensor", "{08C99558-FBF8-4445-8E1F-420936E6ED59}"
EndProject
Project("{2150E333-8FDC-42A3-9474-1A3956D46DE8}") = "Storage", "Storage", "{961FC591-5812-4F69-9EFE-DB2FB6EE60E2}"
EndProject
Project("{FAE04EC0-301F-11D3-BF4B-00C04F79EFBC}") = "Service", "Foundation\ZooApplicationService\Service.csproj", "{CC27B90E-BC1E-4CB0-B77B-20AE3E660F1D}"
EndProject
Project("{FAE04EC0-301F-11D3-BF4B-00C04F79EFBC}") = "Api", "Foundation\Api\Api.csproj", "{96129347-EA7A-4A44-99B7-FB3E3B9B8865}"
EndProject
Project("{FAE04EC0-301F-11D3-BF4B-00C04F79EFBC}") = "ExternalCommunication", "Foundation\ExternalCommunication\ExternalCommunication.csproj", "{76D14DF4-67ED-4BBD-978A-914660837273}"
EndProject
Project("{FAE04EC0-301F-11D3-BF4B-00C04F79EFBC}") = "Sensor", "Foundation\Sensor\Sensor.csproj", "{46B362B5-F3E2-462D-A370-BE3C7088C168}"
EndProject
Project("{FAE04EC0-301F-11D3-BF4B-00C04F79EFBC}") = "MockSensor", "Switch\MockSensor\MockSensor.csproj", "{0298232A-C0E4-4274-96BF-9E689E496B6F}"
EndProject
Global
	GlobalSection(SolutionConfigurationPlatforms) = preSolution
		Debug|Any CPU = Debug|Any CPU
		Release|Any CPU = Release|Any CPU
	EndGlobalSection
	GlobalSection(ProjectConfigurationPlatforms) = postSolution
		{88B4DF43-156B-4AB2-80DA-4784FF00521B}.Debug|Any CPU.ActiveCfg = Debug|Any CPU
		{88B4DF43-156B-4AB2-80DA-4784FF00521B}.Debug|Any CPU.Build.0 = Debug|Any CPU
		{88B4DF43-156B-4AB2-80DA-4784FF00521B}.Release|Any CPU.ActiveCfg = Release|Any CPU
		{88B4DF43-156B-4AB2-80DA-4784FF00521B}.Release|Any CPU.Build.0 = Release|Any CPU
		{40A91235-83D9-4E8A-9BB7-169D015830F3}.Debug|Any CPU.ActiveCfg = Debug|Any CPU
		{40A91235-83D9-4E8A-9BB7-169D015830F3}.Debug|Any CPU.Build.0 = Debug|Any CPU
		{40A91235-83D9-4E8A-9BB7-169D015830F3}.Release|Any CPU.ActiveCfg = Release|Any CPU
		{40A91235-83D9-4E8A-9BB7-169D015830F3}.Release|Any CPU.Build.0 = Release|Any CPU
		{CC27B90E-BC1E-4CB0-B77B-20AE3E660F1D}.Debug|Any CPU.ActiveCfg = Debug|Any CPU
		{CC27B90E-BC1E-4CB0-B77B-20AE3E660F1D}.Debug|Any CPU.Build.0 = Debug|Any CPU
		{CC27B90E-BC1E-4CB0-B77B-20AE3E660F1D}.Release|Any CPU.ActiveCfg = Release|Any CPU
		{CC27B90E-BC1E-4CB0-B77B-20AE3E660F1D}.Release|Any CPU.Build.0 = Release|Any CPU
		{96129347-EA7A-4A44-99B7-FB3E3B9B8865}.Debug|Any CPU.ActiveCfg = Debug|Any CPU
		{96129347-EA7A-4A44-99B7-FB3E3B9B8865}.Debug|Any CPU.Build.0 = Debug|Any CPU
		{96129347-EA7A-4A44-99B7-FB3E3B9B8865}.Release|Any CPU.ActiveCfg = Release|Any CPU
		{96129347-EA7A-4A44-99B7-FB3E3B9B8865}.Release|Any CPU.Build.0 = Release|Any CPU
		{76D14DF4-67ED-4BBD-978A-914660837273}.Debug|Any CPU.ActiveCfg = Debug|Any CPU
		{76D14DF4-67ED-4BBD-978A-914660837273}.Debug|Any CPU.Build.0 = Debug|Any CPU
		{76D14DF4-67ED-4BBD-978A-914660837273}.Release|Any CPU.ActiveCfg = Release|Any CPU
		{76D14DF4-67ED-4BBD-978A-914660837273}.Release|Any CPU.Build.0 = Release|Any CPU
		{46B362B5-F3E2-462D-A370-BE3C7088C168}.Debug|Any CPU.ActiveCfg = Debug|Any CPU
		{46B362B5-F3E2-462D-A370-BE3C7088C168}.Debug|Any CPU.Build.0 = Debug|Any CPU
		{46B362B5-F3E2-462D-A370-BE3C7088C168}.Release|Any CPU.ActiveCfg = Release|Any CPU
		{46B362B5-F3E2-462D-A370-BE3C7088C168}.Release|Any CPU.Build.0 = Release|Any CPU
		{0298232A-C0E4-4274-96BF-9E689E496B6F}.Debug|Any CPU.ActiveCfg = Debug|Any CPU
		{0298232A-C0E4-4274-96BF-9E689E496B6F}.Debug|Any CPU.Build.0 = Debug|Any CPU
		{0298232A-C0E4-4274-96BF-9E689E496B6F}.Release|Any CPU.ActiveCfg = Release|Any CPU
		{0298232A-C0E4-4274-96BF-9E689E496B6F}.Release|Any CPU.Build.0 = Release|Any CPU
	EndGlobalSection
	GlobalSection(SolutionProperties) = preSolution
		HideSolutionNode = FALSE
	EndGlobalSection
	GlobalSection(NestedProjects) = preSolution
		{CC27B90E-BC1E-4CB0-B77B-20AE3E660F1D} = {76B4A5BB-BAC6-4F96-BD38-7A05D283D29D}
		{96129347-EA7A-4A44-99B7-FB3E3B9B8865} = {76B4A5BB-BAC6-4F96-BD38-7A05D283D29D}
		{76D14DF4-67ED-4BBD-978A-914660837273} = {76B4A5BB-BAC6-4F96-BD38-7A05D283D29D}
		{46B362B5-F3E2-462D-A370-BE3C7088C168} = {76B4A5BB-BAC6-4F96-BD38-7A05D283D29D}
		{40A91235-83D9-4E8A-9BB7-169D015830F3} = {961FC591-5812-4F69-9EFE-DB2FB6EE60E2}
		{88B4DF43-156B-4AB2-80DA-4784FF00521B} = {961FC591-5812-4F69-9EFE-DB2FB6EE60E2}
		{08C99558-FBF8-4445-8E1F-420936E6ED59} = {DC5834D1-7BE1-4154-91BE-87E23AA54A75}
		{0298232A-C0E4-4274-96BF-9E689E496B6F} = {08C99558-FBF8-4445-8E1F-420936E6ED59}
	EndGlobalSection
EndGlobal
